{
  "version": 4,
  "terraform_version": "1.1.4",
  "serial": 246,
  "lineage": "3b07510c-7eb0-53b9-e094-7900211836f1",
  "outputs": {},
  "resources": [
    {
      "module": "module.eks",
      "mode": "managed",
      "type": "aws_eks_cluster",
      "name": "prod_cluster",
      "provider": "provider[\"registry.terraform.io/hashicorp/aws\"]",
      "instances": [
        {
          "schema_version": 0,
          "attributes": {
            "arn": "arn:aws:eks:eu-west-2:502157755713:cluster/prod_cluster",
            "certificate_authority": [
              {
                "data": "LS0tLS1CRUdJTiBDRVJUSUZJQ0FURS0tLS0tCk1JSUM1ekNDQWMrZ0F3SUJBZ0lCQURBTkJna3Foa2lHOXcwQkFRc0ZBREFWTVJNd0VRWURWUVFERXdwcmRXSmwKY201bGRHVnpNQjRYRFRJeU1ERXlNREl6TXpReU9Wb1hEVE15TURFeE9ESXpNelF5T1Zvd0ZURVRNQkVHQTFVRQpBeE1LYTNWaVpYSnVaWFJsY3pDQ0FTSXdEUVlKS29aSWh2Y05BUUVCQlFBRGdnRVBBRENDQVFvQ2dnRUJBTXZyClFqdjZtY3NVVW5ZZlo0a20vaVJoSkwzSHRvTDJvT3hkbjNBdE41WXNkZ0llcER3Y2hiSGpVUTBZN1R5WFVsbVAKQko5Y2lQUTNES3AvTERXMkFGdkQ3SDN5ekFkbXRtNHVZMSt2SFRjNVdkcGxQV09MMTV1TXFlYVhTSVpXV1NrdwpraHFFejErcGdvQjZPNDJmVWRtb1ZsY2Qwd1pMVElQWUFlRHZEQ3hqSjVCeXl0QS8xaHRzUEFoRWpWRCtyYXJzCmVNYW1NWHppVUd0YnJFemRvTnYzT3hVN3FjY3R1STY2YytIYlpseG1RRkJwSXM1d09HRUMxK1dQYlNzMVI2KzUKSC9rR2dYVVRiYkdRRFNOZFpjNGMrVmwwdkk0aEYyQ1F5YmFCd1o3YURESWtHeFdwZlBIbGpRdEFJZjlRM0MregpPd2hZaTZGTkpydDNlRWQxdEpjQ0F3RUFBYU5DTUVBd0RnWURWUjBQQVFIL0JBUURBZ0trTUE4R0ExVWRFd0VCCi93UUZNQU1CQWY4d0hRWURWUjBPQkJZRUZEM3FySTRpaS9JcUgzSlZKakxZdXRTOTBkNjdNQTBHQ1NxR1NJYjMKRFFFQkN3VUFBNElCQVFBNktXM1JUSGx0TnlKUmhuSGlMTkpIeWxtMU45SkJGMnMxdjRtdG9hdXplQTNEdlRIeApySVZ6bGxRcmxLY1V3VG9PZWprdUprNTUyQU0xSU5oTFlYYVJWeFpNMHdDRE1NU2txNUVCSEROVHNYMWFnanZYCjhqdjlYdzkrMkQ4b3FFWldXYUVFaFhzcDRmWW1PSytNV3BFL2Nlcm9jdno1dkxrTTZhYlhPNjl3YTdWNTFFc28KUzlkWTYveklySHF0ZDh6QWlHRGhlWCtTRTFhbG1ON2grcm1uejRLVDVnT1VTbzh2bGlWcC9jQzJnbHNSWnhxUwpISVZmYTJXMGk4Vjk5T0xGcDJDMTJBbVZGWnYvSllpMzkxcCt4LzhZb28xOHR6blducUgzTDJjbU5ldTJBTzlkCjNzK0tqeFZrdVVvRVU5NURrUVQrYUI3eC95dWxCdmR2R1VZcAotLS0tLUVORCBDRVJUSUZJQ0FURS0tLS0tCg=="
              }
            ],
            "created_at": "2022-01-20 23:27:56.31 +0000 UTC",
            "enabled_cluster_log_types": [],
            "encryption_config": [],
            "endpoint": "https://978E704B5FB46F6F736C8BF5FC909513.gr7.eu-west-2.eks.amazonaws.com",
            "id": "prod_cluster",
            "identity": [
              {
                "oidc": [
                  {
                    "issuer": "https://oidc.eks.eu-west-2.amazonaws.com/id/978E704B5FB46F6F736C8BF5FC909513"
                  }
                ]
              }
            ],
            "kubernetes_network_config": [
              {
                "ip_family": "ipv4",
                "service_ipv4_cidr": "172.20.0.0/16"
              }
            ],
            "name": "prod_cluster",
            "platform_version": "eks.4",
            "role_arn": "arn:aws:iam::502157755713:role/eks_cluster_iam_role",
            "status": "ACTIVE",
            "tags": {},
            "tags_all": {},
            "timeouts": null,
            "version": "1.21",
            "vpc_config": [
              {
                "cluster_security_group_id": "sg-0dd16776c97032b9d",
                "endpoint_private_access": false,
                "endpoint_public_access": true,
                "public_access_cidrs": [
                  "0.0.0.0/0"
                ],
                "security_group_ids": [],
                "subnet_ids": [
                  "subnet-00432dd82bc5976b3",
                  "subnet-0a5cbc40ee38b57b8"
                ],
                "vpc_id": "vpc-0b0228fad0ab16480"
              }
            ]
          },
          "sensitive_attributes": [],
          "private": "eyJlMmJmYjczMC1lY2FhLTExZTYtOGY4OC0zNDM2M2JjN2M0YzAiOnsiY3JlYXRlIjoxODAwMDAwMDAwMDAwLCJkZWxldGUiOjkwMDAwMDAwMDAwMCwidXBkYXRlIjozNjAwMDAwMDAwMDAwfX0=",
          "dependencies": [
            "module.subnet.data.aws_availability_zones.available",
            "module.vpc.aws_vpc.prod_vpc",
            "module.iam.aws_iam_role.eks_cluster_iam_role",
            "module.subnet.aws_subnet.all_subnets"
          ]
        }
      ]
    },
    {
      "module": "module.eks",
      "mode": "managed",
      "type": "aws_eks_node_group",
      "name": "prod_node_group",
      "provider": "provider[\"registry.terraform.io/hashicorp/aws\"]",
      "instances": [
        {
          "schema_version": 0,
          "attributes": {
            "ami_type": "AL2_x86_64",
            "arn": "arn:aws:eks:eu-west-2:502157755713:nodegroup/prod_cluster/prod_node_group/6cbf3d00-b85e-27ec-4f92-28c869f49218",
            "capacity_type": "ON_DEMAND",
            "cluster_name": "prod_cluster",
            "disk_size": 20,
            "force_update_version": null,
            "id": "prod_cluster:prod_node_group",
            "instance_types": [
              "t2.micro"
            ],
            "labels": null,
            "launch_template": [],
            "node_group_name": "prod_node_group",
            "node_group_name_prefix": "",
            "node_role_arn": "arn:aws:iam::502157755713:role/eks_node_iam_role",
            "release_version": "1.21.5-20220112",
            "remote_access": [
              {
                "ec2_ssh_key": "Dev",
                "source_security_group_ids": null
              }
            ],
            "resources": [
              {
                "autoscaling_groups": [
                  {
                    "name": "eks-prod_node_group-6cbf3d00-b85e-27ec-4f92-28c869f49218"
                  }
                ],
                "remote_access_security_group_id": "sg-0acfc18f78a9969fb"
              }
            ],
            "scaling_config": [
              {
                "desired_size": 3,
                "max_size": 4,
                "min_size": 3
              }
            ],
            "status": "ACTIVE",
            "subnet_ids": [
              "subnet-00432dd82bc5976b3",
              "subnet-0a5cbc40ee38b57b8"
            ],
            "tags": null,
            "tags_all": {},
            "taint": [],
            "timeouts": null,
            "update_config": [
              {
                "max_unavailable": 1,
                "max_unavailable_percentage": 0
              }
            ],
            "version": "1.21"
          },
          "sensitive_attributes": [],
          "private": "eyJlMmJmYjczMC1lY2FhLTExZTYtOGY4OC0zNDM2M2JjN2M0YzAiOnsiY3JlYXRlIjozNjAwMDAwMDAwMDAwLCJkZWxldGUiOjM2MDAwMDAwMDAwMDAsInVwZGF0ZSI6MzYwMDAwMDAwMDAwMH19",
          "dependencies": [
            "module.eks.aws_eks_cluster.prod_cluster",
            "module.iam.aws_iam_role.eks_node_iam_role",
            "module.subnet.aws_subnet.all_subnets"
          ]
        }
      ]
    },
    {
      "module": "module.iam",
      "mode": "managed",
      "type": "aws_iam_role",
      "name": "eks_cluster_iam_role",
      "provider": "provider[\"registry.terraform.io/hashicorp/aws\"]",
      "instances": [
        {
          "schema_version": 0,
          "attributes": {
            "arn": "arn:aws:iam::502157755713:role/eks_cluster_iam_role",
            "assume_role_policy": "{\"Version\":\"2012-10-17\",\"Statement\":[{\"Effect\":\"Allow\",\"Principal\":{\"Service\":\"eks.amazonaws.com\"},\"Action\":\"sts:AssumeRole\"}]}",
            "create_date": "2022-01-20T23:18:03Z",
            "description": "",
            "force_detach_policies": false,
            "id": "eks_cluster_iam_role",
            "inline_policy": [
              {
                "name": "",
                "policy": ""
              }
            ],
            "managed_policy_arns": [
              "arn:aws:iam::aws:policy/AmazonEKSClusterPolicy",
              "arn:aws:iam::aws:policy/AmazonEKSServicePolicy"
            ],
            "max_session_duration": 3600,
            "name": "eks_cluster_iam_role",
            "name_prefix": "",
            "path": "/",
            "permissions_boundary": null,
            "tags": {},
            "tags_all": {},
            "unique_id": "AROAXJ2XPIVAYBFUXCSCR"
          },
          "sensitive_attributes": [],
          "private": "bnVsbA=="
        }
      ]
    },
    {
      "module": "module.iam",
      "mode": "managed",
      "type": "aws_iam_role",
      "name": "eks_node_iam_role",
      "provider": "provider[\"registry.terraform.io/hashicorp/aws\"]",
      "instances": [
        {
          "schema_version": 0,
          "attributes": {
            "arn": "arn:aws:iam::502157755713:role/eks_node_iam_role",
            "assume_role_policy": "{\"Version\":\"2012-10-17\",\"Statement\":[{\"Effect\":\"Allow\",\"Principal\":{\"Service\":\"ec2.amazonaws.com\"},\"Action\":\"sts:AssumeRole\"}]}",
            "create_date": "2022-01-20T23:18:03Z",
            "description": "",
            "force_detach_policies": false,
            "id": "eks_node_iam_role",
            "inline_policy": [
              {
                "name": "",
                "policy": ""
              }
            ],
            "managed_policy_arns": [
              "arn:aws:iam::aws:policy/AmazonEC2ContainerRegistryReadOnly",
              "arn:aws:iam::aws:policy/AmazonEKSWorkerNodePolicy",
              "arn:aws:iam::aws:policy/AmazonEKS_CNI_Policy"
            ],
            "max_session_duration": 3600,
            "name": "eks_node_iam_role",
            "name_prefix": "",
            "path": "/",
            "permissions_boundary": null,
            "tags": {},
            "tags_all": {},
            "unique_id": "AROAXJ2XPIVA7NWPSSTSF"
          },
          "sensitive_attributes": [],
          "private": "bnVsbA=="
        }
      ]
    },
    {
      "module": "module.iam",
      "mode": "managed",
      "type": "aws_iam_role_policy_attachment",
      "name": "eks_cluster_iam_role-AmazonEKSClusterPolicy",
      "provider": "provider[\"registry.terraform.io/hashicorp/aws\"]",
      "instances": [
        {
          "schema_version": 0,
          "attributes": {
            "id": "eks_cluster_iam_role-20220120231807645700000004",
            "policy_arn": "arn:aws:iam::aws:policy/AmazonEKSClusterPolicy",
            "role": "eks_cluster_iam_role"
          },
          "sensitive_attributes": [],
          "private": "bnVsbA==",
          "dependencies": [
            "module.iam.aws_iam_role.eks_cluster_iam_role"
          ]
        }
      ]
    },
    {
      "module": "module.iam",
      "mode": "managed",
      "type": "aws_iam_role_policy_attachment",
      "name": "eks_cluster_iam_role-AmazonEKSServicePolicy",
      "provider": "provider[\"registry.terraform.io/hashicorp/aws\"]",
      "instances": [
        {
          "schema_version": 0,
          "attributes": {
            "id": "eks_cluster_iam_role-20220120231807647700000005",
            "policy_arn": "arn:aws:iam::aws:policy/AmazonEKSServicePolicy",
            "role": "eks_cluster_iam_role"
          },
          "sensitive_attributes": [],
          "private": "bnVsbA==",
          "dependencies": [
            "module.iam.aws_iam_role.eks_cluster_iam_role"
          ]
        }
      ]
    },
    {
      "module": "module.iam",
      "mode": "managed",
      "type": "aws_iam_role_policy_attachment",
      "name": "eks_node_iam_role-AmazonEC2ContainerRegistryReadOnly",
      "provider": "provider[\"registry.terraform.io/hashicorp/aws\"]",
      "instances": [
        {
          "schema_version": 0,
          "attributes": {
            "id": "eks_node_iam_role-20220120231807643700000003",
            "policy_arn": "arn:aws:iam::aws:policy/AmazonEC2ContainerRegistryReadOnly",
            "role": "eks_node_iam_role"
          },
          "sensitive_attributes": [],
          "private": "bnVsbA==",
          "dependencies": [
            "module.iam.aws_iam_role.eks_node_iam_role"
          ]
        }
      ]
    },
    {
      "module": "module.iam",
      "mode": "managed",
      "type": "aws_iam_role_policy_attachment",
      "name": "eks_node_iam_role-AmazonEKSWorkerNodePolicy",
      "provider": "provider[\"registry.terraform.io/hashicorp/aws\"]",
      "instances": [
        {
          "schema_version": 0,
          "attributes": {
            "id": "eks_node_iam_role-20220120231807643700000001",
            "policy_arn": "arn:aws:iam::aws:policy/AmazonEKSWorkerNodePolicy",
            "role": "eks_node_iam_role"
          },
          "sensitive_attributes": [],
          "private": "bnVsbA==",
          "dependencies": [
            "module.iam.aws_iam_role.eks_node_iam_role"
          ]
        }
      ]
    },
    {
      "module": "module.iam",
      "mode": "managed",
      "type": "aws_iam_role_policy_attachment",
      "name": "eks_node_iam_role-AmazonEKS_CNI_Policy",
      "provider": "provider[\"registry.terraform.io/hashicorp/aws\"]",
      "instances": [
        {
          "schema_version": 0,
          "attributes": {
            "id": "eks_node_iam_role-20220120231807643700000002",
            "policy_arn": "arn:aws:iam::aws:policy/AmazonEKS_CNI_Policy",
            "role": "eks_node_iam_role"
          },
          "sensitive_attributes": [],
          "private": "bnVsbA==",
          "dependencies": [
            "module.iam.aws_iam_role.eks_node_iam_role"
          ]
        }
      ]
    },
    {
      "module": "module.igw",
      "mode": "managed",
      "type": "aws_internet_gateway",
      "name": "gw",
      "provider": "provider[\"registry.terraform.io/hashicorp/aws\"]",
      "instances": [
        {
          "schema_version": 0,
          "attributes": {
            "arn": "arn:aws:ec2:eu-west-2:502157755713:internet-gateway/igw-094148cc1a900dc2c",
            "id": "igw-094148cc1a900dc2c",
            "owner_id": "502157755713",
            "tags": {
              "Name": "Main Gateway"
            },
            "tags_all": {
              "Name": "Main Gateway"
            },
            "vpc_id": "vpc-0b0228fad0ab16480"
          },
          "sensitive_attributes": [],
          "private": "bnVsbA==",
          "dependencies": [
            "module.vpc.aws_vpc.prod_vpc"
          ]
        }
      ]
    },
    {
      "module": "module.igw",
      "mode": "managed",
      "type": "aws_route_table",
      "name": "rt",
      "provider": "provider[\"registry.terraform.io/hashicorp/aws\"]",
      "instances": [
        {
          "schema_version": 0,
          "attributes": {
            "arn": "arn:aws:ec2:eu-west-2:502157755713:route-table/rtb-060e2963324f9c257",
            "id": "rtb-060e2963324f9c257",
            "owner_id": "502157755713",
            "propagating_vgws": [],
            "route": [
              {
                "carrier_gateway_id": "",
                "cidr_block": "",
                "destination_prefix_list_id": "",
                "egress_only_gateway_id": "",
                "gateway_id": "igw-094148cc1a900dc2c",
                "instance_id": "",
                "ipv6_cidr_block": "::/0",
                "local_gateway_id": "",
                "nat_gateway_id": "",
                "network_interface_id": "",
                "transit_gateway_id": "",
                "vpc_endpoint_id": "",
                "vpc_peering_connection_id": ""
              },
              {
                "carrier_gateway_id": "",
                "cidr_block": "0.0.0.0/0",
                "destination_prefix_list_id": "",
                "egress_only_gateway_id": "",
                "gateway_id": "igw-094148cc1a900dc2c",
                "instance_id": "",
                "ipv6_cidr_block": "",
                "local_gateway_id": "",
                "nat_gateway_id": "",
                "network_interface_id": "",
                "transit_gateway_id": "",
                "vpc_endpoint_id": "",
                "vpc_peering_connection_id": ""
              }
            ],
            "tags": {
              "Name": "Main Route Table"
            },
            "tags_all": {
              "Name": "Main Route Table"
            },
            "timeouts": null,
            "vpc_id": "vpc-0b0228fad0ab16480"
          },
          "sensitive_attributes": [],
          "private": "eyJlMmJmYjczMC1lY2FhLTExZTYtOGY4OC0zNDM2M2JjN2M0YzAiOnsiY3JlYXRlIjozMDAwMDAwMDAwMDAsImRlbGV0ZSI6MzAwMDAwMDAwMDAwLCJ1cGRhdGUiOjEyMDAwMDAwMDAwMH19",
          "dependencies": [
            "module.igw.aws_internet_gateway.gw",
            "module.vpc.aws_vpc.prod_vpc"
          ]
        }
      ]
    },
    {
      "module": "module.instances",
      "mode": "managed",
      "type": "aws_instance",
      "name": "load_balancer",
      "provider": "provider[\"registry.terraform.io/hashicorp/aws\"]",
      "instances": [
        {
          "schema_version": 1,
          "attributes": {
            "ami": "ami-0015a39e4b7c0966f",
            "arn": "arn:aws:ec2:eu-west-2:502157755713:instance/i-04dca33e7c20460bd",
            "associate_public_ip_address": true,
            "availability_zone": "eu-west-2a",
            "capacity_reservation_specification": [
              {
                "capacity_reservation_preference": "open",
                "capacity_reservation_target": []
              }
            ],
            "cpu_core_count": 1,
            "cpu_threads_per_core": 1,
            "credit_specification": [
              {
                "cpu_credits": "standard"
              }
            ],
            "disable_api_termination": false,
            "ebs_block_device": [],
            "ebs_optimized": false,
            "enclave_options": [
              {
                "enabled": false
              }
            ],
            "ephemeral_block_device": [],
            "get_password_data": false,
            "hibernation": false,
            "host_id": null,
            "iam_instance_profile": "",
            "id": "i-04dca33e7c20460bd",
            "instance_initiated_shutdown_behavior": "stop",
            "instance_state": "running",
            "instance_type": "t2.micro",
            "ipv6_address_count": 0,
            "ipv6_addresses": [],
            "key_name": "Dev",
            "launch_template": [],
            "metadata_options": [
              {
                "http_endpoint": "enabled",
                "http_put_response_hop_limit": 1,
                "http_tokens": "optional",
                "instance_metadata_tags": "disabled"
              }
            ],
            "monitoring": false,
            "network_interface": [],
            "outpost_arn": "",
            "password_data": "",
            "placement_group": "",
            "placement_partition_number": null,
            "primary_network_interface_id": "eni-0cb85b8938e2640d6",
            "private_dns": "ip-10-1-0-11.eu-west-2.compute.internal",
            "private_ip": "10.1.0.11",
            "public_dns": "ec2-18-133-243-250.eu-west-2.compute.amazonaws.com",
            "public_ip": "18.133.243.250",
            "root_block_device": [
              {
                "delete_on_termination": true,
                "device_name": "/dev/sda1",
                "encrypted": false,
                "iops": 100,
                "kms_key_id": "",
                "tags": {},
                "throughput": 0,
                "volume_id": "vol-002fd2c453d1a94ee",
                "volume_size": 8,
                "volume_type": "gp2"
              }
            ],
            "secondary_private_ips": [],
            "security_groups": [],
            "source_dest_check": true,
            "subnet_id": "subnet-00432dd82bc5976b3",
            "tags": {
              "Name": "Load Balancer"
            },
            "tags_all": {
              "Name": "Load Balancer"
            },
            "tenancy": "default",
            "timeouts": null,
            "user_data": "50b81036638b7cf0d7c41bb31c2ad2c2b6e473a4",
            "user_data_base64": null,
            "volume_tags": null,
            "vpc_security_group_ids": [
              "sg-023b884f64310d67a"
            ]
          },
          "sensitive_attributes": [],
          "private": "eyJlMmJmYjczMC1lY2FhLTExZTYtOGY4OC0zNDM2M2JjN2M0YzAiOnsiY3JlYXRlIjo2MDAwMDAwMDAwMDAsImRlbGV0ZSI6MTIwMDAwMDAwMDAwMCwidXBkYXRlIjo2MDAwMDAwMDAwMDB9LCJzY2hlbWFfdmVyc2lvbiI6IjEifQ==",
          "dependencies": [
            "module.security_groups.aws_security_group.web_traffic",
            "module.subnet.aws_subnet.all_subnets",
            "module.subnet.data.aws_availability_zones.available",
            "module.vpc.aws_vpc.prod_vpc"
          ]
        }
      ]
    },
    {
      "module": "module.instances",
      "mode": "managed",
      "type": "aws_instance",
      "name": "manager_node",
      "provider": "provider[\"registry.terraform.io/hashicorp/aws\"]",
      "instances": [
        {
          "schema_version": 1,
          "attributes": {
            "ami": "ami-0015a39e4b7c0966f",
            "arn": "arn:aws:ec2:eu-west-2:502157755713:instance/i-06e9492d7bee8fc60",
            "associate_public_ip_address": true,
            "availability_zone": "eu-west-2b",
            "capacity_reservation_specification": [
              {
                "capacity_reservation_preference": "open",
                "capacity_reservation_target": []
              }
            ],
            "cpu_core_count": 1,
            "cpu_threads_per_core": 1,
            "credit_specification": [
              {
                "cpu_credits": "standard"
              }
            ],
            "disable_api_termination": false,
            "ebs_block_device": [],
            "ebs_optimized": false,
            "enclave_options": [
              {
                "enabled": false
              }
            ],
            "ephemeral_block_device": [],
            "get_password_data": false,
            "hibernation": false,
            "host_id": null,
            "iam_instance_profile": "",
            "id": "i-06e9492d7bee8fc60",
            "instance_initiated_shutdown_behavior": "stop",
            "instance_state": "running",
            "instance_type": "t2.micro",
            "ipv6_address_count": 0,
            "ipv6_addresses": [],
            "key_name": "Dev",
            "launch_template": [],
            "metadata_options": [
              {
                "http_endpoint": "enabled",
                "http_put_response_hop_limit": 1,
                "http_tokens": "optional",
                "instance_metadata_tags": "disabled"
              }
            ],
            "monitoring": false,
            "network_interface": [],
            "outpost_arn": "",
            "password_data": "",
            "placement_group": "",
            "placement_partition_number": null,
            "primary_network_interface_id": "eni-074e1dbd9a04b6769",
            "private_dns": "ip-10-1-1-211.eu-west-2.compute.internal",
            "private_ip": "10.1.1.211",
            "public_dns": "ec2-35-178-189-31.eu-west-2.compute.amazonaws.com",
            "public_ip": "35.178.189.31",
            "root_block_device": [
              {
                "delete_on_termination": true,
                "device_name": "/dev/sda1",
                "encrypted": false,
                "iops": 100,
                "kms_key_id": "",
                "tags": {},
                "throughput": 0,
                "volume_id": "vol-09ccd33aecdb20752",
                "volume_size": 8,
                "volume_type": "gp2"
              }
            ],
            "secondary_private_ips": [],
            "security_groups": [],
            "source_dest_check": true,
            "subnet_id": "subnet-0a5cbc40ee38b57b8",
            "tags": {
              "Name": "Manager Node"
            },
            "tags_all": {
              "Name": "Manager Node"
            },
            "tenancy": "default",
            "timeouts": null,
            "user_data": "50b81036638b7cf0d7c41bb31c2ad2c2b6e473a4",
            "user_data_base64": null,
            "volume_tags": null,
            "vpc_security_group_ids": [
              "sg-023b884f64310d67a"
            ]
          },
          "sensitive_attributes": [],
          "private": "eyJlMmJmYjczMC1lY2FhLTExZTYtOGY4OC0zNDM2M2JjN2M0YzAiOnsiY3JlYXRlIjo2MDAwMDAwMDAwMDAsImRlbGV0ZSI6MTIwMDAwMDAwMDAwMCwidXBkYXRlIjo2MDAwMDAwMDAwMDB9LCJzY2hlbWFfdmVyc2lvbiI6IjEifQ==",
          "dependencies": [
            "module.subnet.aws_subnet.all_subnets",
            "module.subnet.data.aws_availability_zones.available",
            "module.vpc.aws_vpc.prod_vpc",
            "module.security_groups.aws_security_group.web_traffic"
          ]
        }
      ]
    },
    {
      "module": "module.instances",
      "mode": "managed",
      "type": "aws_instance",
      "name": "worker_node",
      "provider": "provider[\"registry.terraform.io/hashicorp/aws\"]",
      "instances": [
        {
          "schema_version": 1,
          "attributes": {
            "ami": "ami-0015a39e4b7c0966f",
            "arn": "arn:aws:ec2:eu-west-2:502157755713:instance/i-04a1db1c53d9a3963",
            "associate_public_ip_address": true,
            "availability_zone": "eu-west-2b",
            "capacity_reservation_specification": [
              {
                "capacity_reservation_preference": "open",
                "capacity_reservation_target": []
              }
            ],
            "cpu_core_count": 1,
            "cpu_threads_per_core": 1,
            "credit_specification": [
              {
                "cpu_credits": "standard"
              }
            ],
            "disable_api_termination": false,
            "ebs_block_device": [],
            "ebs_optimized": false,
            "enclave_options": [
              {
                "enabled": false
              }
            ],
            "ephemeral_block_device": [],
            "get_password_data": false,
            "hibernation": false,
            "host_id": null,
            "iam_instance_profile": "",
            "id": "i-04a1db1c53d9a3963",
            "instance_initiated_shutdown_behavior": "stop",
            "instance_state": "running",
            "instance_type": "t2.micro",
            "ipv6_address_count": 0,
            "ipv6_addresses": [],
            "key_name": "Dev",
            "launch_template": [],
            "metadata_options": [
              {
                "http_endpoint": "enabled",
                "http_put_response_hop_limit": 1,
                "http_tokens": "optional",
                "instance_metadata_tags": "disabled"
              }
            ],
            "monitoring": false,
            "network_interface": [],
            "outpost_arn": "",
            "password_data": "",
            "placement_group": "",
            "placement_partition_number": null,
            "primary_network_interface_id": "eni-045d1fe4a612124f1",
            "private_dns": "ip-10-1-1-165.eu-west-2.compute.internal",
            "private_ip": "10.1.1.165",
            "public_dns": "ec2-18-134-0-100.eu-west-2.compute.amazonaws.com",
            "public_ip": "18.134.0.100",
            "root_block_device": [
              {
                "delete_on_termination": true,
                "device_name": "/dev/sda1",
                "encrypted": false,
                "iops": 100,
                "kms_key_id": "",
                "tags": {},
                "throughput": 0,
                "volume_id": "vol-09163eef15214a359",
                "volume_size": 8,
                "volume_type": "gp2"
              }
            ],
            "secondary_private_ips": [],
            "security_groups": [],
            "source_dest_check": true,
            "subnet_id": "subnet-0a5cbc40ee38b57b8",
            "tags": {
              "Name": "Worker Node"
            },
            "tags_all": {
              "Name": "Worker Node"
            },
            "tenancy": "default",
            "timeouts": null,
            "user_data": "50b81036638b7cf0d7c41bb31c2ad2c2b6e473a4",
            "user_data_base64": null,
            "volume_tags": null,
            "vpc_security_group_ids": [
              "sg-023b884f64310d67a"
            ]
          },
          "sensitive_attributes": [],
          "private": "eyJlMmJmYjczMC1lY2FhLTExZTYtOGY4OC0zNDM2M2JjN2M0YzAiOnsiY3JlYXRlIjo2MDAwMDAwMDAwMDAsImRlbGV0ZSI6MTIwMDAwMDAwMDAwMCwidXBkYXRlIjo2MDAwMDAwMDAwMDB9LCJzY2hlbWFfdmVyc2lvbiI6IjEifQ==",
          "dependencies": [
            "module.security_groups.aws_security_group.web_traffic",
            "module.subnet.aws_subnet.all_subnets",
            "module.subnet.data.aws_availability_zones.available",
            "module.vpc.aws_vpc.prod_vpc"
          ]
        }
      ]
    },
    {
      "module": "module.security_groups",
      "mode": "managed",
      "type": "aws_eip",
      "name": "eip1",
      "provider": "provider[\"registry.terraform.io/hashicorp/aws\"]",
      "instances": [
        {
          "schema_version": 0,
          "attributes": {
            "address": null,
            "allocation_id": "eipalloc-04869a4a5f3d38531",
            "associate_with_private_ip": null,
            "association_id": "eipassoc-0191bd77184a87bfb",
            "carrier_ip": "",
            "customer_owned_ip": "",
            "customer_owned_ipv4_pool": "",
            "domain": "vpc",
            "id": "eipalloc-04869a4a5f3d38531",
            "instance": "i-04dca33e7c20460bd",
            "network_border_group": "eu-west-2",
            "network_interface": "eni-057244784ae0796c6",
            "private_dns": "ip-10-1-0-51.eu-west-2.compute.internal",
            "private_ip": "10.1.0.51",
            "public_dns": "ec2-18-132-140-118.eu-west-2.compute.amazonaws.com",
            "public_ip": "18.132.140.118",
            "public_ipv4_pool": "amazon",
            "tags": {
              "Name": "Custom Elastic IP"
            },
            "tags_all": {
              "Name": "Custom Elastic IP"
            },
            "timeouts": null,
            "vpc": true
          },
          "sensitive_attributes": [],
          "private": "eyJlMmJmYjczMC1lY2FhLTExZTYtOGY4OC0zNDM2M2JjN2M0YzAiOnsiZGVsZXRlIjoxODAwMDAwMDAwMDAsInJlYWQiOjkwMDAwMDAwMDAwMCwidXBkYXRlIjozMDAwMDAwMDAwMDB9fQ==",
          "dependencies": [
            "module.vpc.aws_vpc.prod_vpc",
            "module.igw.aws_internet_gateway.gw",
            "module.instances.aws_instance.load_balancer",
            "module.security_groups.aws_network_interface.web_server_1",
            "module.security_groups.aws_security_group.web_traffic",
            "module.subnet.aws_subnet.all_subnets",
            "module.subnet.data.aws_availability_zones.available"
          ]
        }
      ]
    },
    {
      "module": "module.security_groups",
      "mode": "managed",
      "type": "aws_network_interface",
      "name": "web_server_1",
      "provider": "provider[\"registry.terraform.io/hashicorp/aws\"]",
      "instances": [
        {
          "schema_version": 0,
          "attributes": {
            "arn": "arn:aws:ec2:eu-west-2:502157755713:network-interface/eni-057244784ae0796c6",
            "attachment": [
              {
                "attachment_id": "eni-attach-0e6015227e6883bf7",
                "device_index": 1,
                "instance": "i-04dca33e7c20460bd"
              }
            ],
            "description": "",
            "id": "eni-057244784ae0796c6",
            "interface_type": "interface",
            "ipv4_prefix_count": 0,
            "ipv4_prefixes": [],
            "ipv6_address_count": 0,
            "ipv6_addresses": [],
            "ipv6_prefix_count": 0,
            "ipv6_prefixes": [],
            "mac_address": "06:99:58:8d:75:f4",
            "outpost_arn": "",
            "owner_id": "502157755713",
            "private_dns_name": "ip-10-1-0-51.eu-west-2.compute.internal",
            "private_ip": "10.1.0.51",
            "private_ips": [
              "10.1.0.50",
              "10.1.0.51"
            ],
            "private_ips_count": 1,
            "security_groups": [
              "sg-023b884f64310d67a"
            ],
            "source_dest_check": true,
            "subnet_id": "subnet-00432dd82bc5976b3",
            "tags": {
              "Name": "Main Web Server"
            },
            "tags_all": {
              "Name": "Main Web Server"
            }
          },
          "sensitive_attributes": [],
          "private": "bnVsbA==",
          "dependencies": [
            "module.instances.aws_instance.load_balancer",
            "module.security_groups.aws_security_group.web_traffic",
            "module.subnet.aws_subnet.all_subnets",
            "module.subnet.data.aws_availability_zones.available",
            "module.vpc.aws_vpc.prod_vpc"
          ]
        }
      ]
    },
    {
      "module": "module.security_groups",
      "mode": "managed",
      "type": "aws_security_group",
      "name": "web_traffic",
      "provider": "provider[\"registry.terraform.io/hashicorp/aws\"]",
      "instances": [
        {
          "schema_version": 1,
          "attributes": {
            "arn": "arn:aws:ec2:eu-west-2:502157755713:security-group/sg-023b884f64310d67a",
            "description": "Allow inbound and outbound web traffic",
            "egress": [
              {
                "cidr_blocks": [
                  "0.0.0.0/0"
                ],
                "description": "",
                "from_port": 0,
                "ipv6_cidr_blocks": [
                  "::/0"
                ],
                "prefix_list_ids": [],
                "protocol": "-1",
                "security_groups": [],
                "self": false,
                "to_port": 0
              }
            ],
            "id": "sg-023b884f64310d67a",
            "ingress": [
              {
                "cidr_blocks": [
                  "0.0.0.0/0"
                ],
                "description": "Back End",
                "from_port": 9966,
                "ipv6_cidr_blocks": [],
                "prefix_list_ids": [],
                "protocol": "tcp",
                "security_groups": [],
                "self": false,
                "to_port": 9966
              },
              {
                "cidr_blocks": [
                  "0.0.0.0/0"
                ],
                "description": "Front End",
                "from_port": 4200,
                "ipv6_cidr_blocks": [],
                "prefix_list_ids": [],
                "protocol": "tcp",
                "security_groups": [],
                "self": false,
                "to_port": 4200
              },
              {
                "cidr_blocks": [
                  "0.0.0.0/0"
                ],
                "description": "HTTP",
                "from_port": 80,
                "ipv6_cidr_blocks": [],
                "prefix_list_ids": [],
                "protocol": "tcp",
                "security_groups": [],
                "self": false,
                "to_port": 80
              },
              {
                "cidr_blocks": [
                  "0.0.0.0/0"
                ],
                "description": "HTTPS",
                "from_port": 443,
                "ipv6_cidr_blocks": [],
                "prefix_list_ids": [],
                "protocol": "tcp",
                "security_groups": [],
                "self": false,
                "to_port": 443
              },
              {
                "cidr_blocks": [
                  "0.0.0.0/0"
                ],
                "description": "Jenkins",
                "from_port": 8080,
                "ipv6_cidr_blocks": [],
                "prefix_list_ids": [],
                "protocol": "tcp",
                "security_groups": [],
                "self": false,
                "to_port": 8080
              },
              {
                "cidr_blocks": [
                  "0.0.0.0/0"
                ],
                "description": "SSH",
                "from_port": 22,
                "ipv6_cidr_blocks": [],
                "prefix_list_ids": [],
                "protocol": "tcp",
                "security_groups": [],
                "self": false,
                "to_port": 22
              }
            ],
            "name": "Web Traffic",
            "name_prefix": "",
            "owner_id": "502157755713",
            "revoke_rules_on_delete": false,
            "tags": {
              "Name": "Allow Web Traffic"
            },
            "tags_all": {
              "Name": "Allow Web Traffic"
            },
            "timeouts": null,
            "vpc_id": "vpc-0b0228fad0ab16480"
          },
          "sensitive_attributes": [],
          "private": "eyJlMmJmYjczMC1lY2FhLTExZTYtOGY4OC0zNDM2M2JjN2M0YzAiOnsiY3JlYXRlIjo2MDAwMDAwMDAwMDAsImRlbGV0ZSI6OTAwMDAwMDAwMDAwfSwic2NoZW1hX3ZlcnNpb24iOiIxIn0=",
          "dependencies": [
            "module.vpc.aws_vpc.prod_vpc"
          ]
        }
      ]
    },
    {
      "module": "module.subnet",
      "mode": "data",
      "type": "aws_availability_zones",
      "name": "available",
      "provider": "provider[\"registry.terraform.io/hashicorp/aws\"]",
      "instances": [
        {
          "schema_version": 0,
          "attributes": {
            "all_availability_zones": null,
            "exclude_names": null,
            "exclude_zone_ids": null,
            "filter": null,
            "group_names": [
              "eu-west-2"
            ],
            "id": "eu-west-2",
            "names": [
              "eu-west-2a",
              "eu-west-2b",
              "eu-west-2c"
            ],
            "state": "available",
            "zone_ids": [
              "euw2-az2",
              "euw2-az3",
              "euw2-az1"
            ]
          },
          "sensitive_attributes": []
        }
      ]
    },
    {
      "module": "module.subnet",
      "mode": "managed",
      "type": "aws_route_table_association",
      "name": "rt_subnet_1",
      "provider": "provider[\"registry.terraform.io/hashicorp/aws\"]",
      "instances": [
        {
          "schema_version": 0,
          "attributes": {
            "gateway_id": "",
            "id": "rtbassoc-02eee1f052436a997",
            "route_table_id": "rtb-060e2963324f9c257",
            "subnet_id": "subnet-00432dd82bc5976b3"
          },
          "sensitive_attributes": [],
          "private": "bnVsbA==",
          "dependencies": [
            "module.igw.aws_internet_gateway.gw",
            "module.igw.aws_route_table.rt",
            "module.subnet.aws_subnet.all_subnets",
            "module.subnet.data.aws_availability_zones.available",
            "module.vpc.aws_vpc.prod_vpc"
          ]
        }
      ]
    },
    {
      "module": "module.subnet",
      "mode": "managed",
      "type": "aws_route_table_association",
      "name": "rt_subnet_2",
      "provider": "provider[\"registry.terraform.io/hashicorp/aws\"]",
      "instances": [
        {
          "schema_version": 0,
          "attributes": {
            "gateway_id": "",
            "id": "rtbassoc-0a2df5205efa301f5",
            "route_table_id": "rtb-060e2963324f9c257",
            "subnet_id": "subnet-0a5cbc40ee38b57b8"
          },
          "sensitive_attributes": [],
          "private": "bnVsbA==",
          "dependencies": [
            "module.igw.aws_route_table.rt",
            "module.subnet.aws_subnet.all_subnets",
            "module.subnet.data.aws_availability_zones.available",
            "module.vpc.aws_vpc.prod_vpc",
            "module.igw.aws_internet_gateway.gw"
          ]
        }
      ]
    },
    {
      "module": "module.subnet",
      "mode": "managed",
      "type": "aws_subnet",
      "name": "all_subnets",
      "provider": "provider[\"registry.terraform.io/hashicorp/aws\"]",
      "instances": [
        {
          "index_key": 0,
          "schema_version": 1,
          "attributes": {
            "arn": "arn:aws:ec2:eu-west-2:502157755713:subnet/subnet-00432dd82bc5976b3",
            "assign_ipv6_address_on_creation": false,
            "availability_zone": "eu-west-2a",
            "availability_zone_id": "euw2-az2",
            "cidr_block": "10.1.0.0/24",
            "customer_owned_ipv4_pool": "",
            "enable_dns64": false,
            "enable_resource_name_dns_a_record_on_launch": false,
            "enable_resource_name_dns_aaaa_record_on_launch": false,
            "id": "subnet-00432dd82bc5976b3",
            "ipv6_cidr_block": "",
            "ipv6_cidr_block_association_id": "",
            "ipv6_native": false,
            "map_customer_owned_ip_on_launch": false,
            "map_public_ip_on_launch": true,
            "outpost_arn": "",
            "owner_id": "502157755713",
            "private_dns_hostname_type_on_launch": "ip-name",
            "tags": {
              "Name": "Production Subnet-1"
            },
            "tags_all": {
              "Name": "Production Subnet-1"
            },
            "timeouts": null,
            "vpc_id": "vpc-0b0228fad0ab16480"
          },
          "sensitive_attributes": [],
          "private": "eyJlMmJmYjczMC1lY2FhLTExZTYtOGY4OC0zNDM2M2JjN2M0YzAiOnsiY3JlYXRlIjo2MDAwMDAwMDAwMDAsImRlbGV0ZSI6MTIwMDAwMDAwMDAwMH0sInNjaGVtYV92ZXJzaW9uIjoiMSJ9",
          "dependencies": [
            "module.vpc.aws_vpc.prod_vpc",
            "module.subnet.data.aws_availability_zones.available"
          ]
        },
        {
          "index_key": 1,
          "schema_version": 1,
          "attributes": {
            "arn": "arn:aws:ec2:eu-west-2:502157755713:subnet/subnet-0a5cbc40ee38b57b8",
            "assign_ipv6_address_on_creation": false,
            "availability_zone": "eu-west-2b",
            "availability_zone_id": "euw2-az3",
            "cidr_block": "10.1.1.0/24",
            "customer_owned_ipv4_pool": "",
            "enable_dns64": false,
            "enable_resource_name_dns_a_record_on_launch": false,
            "enable_resource_name_dns_aaaa_record_on_launch": false,
            "id": "subnet-0a5cbc40ee38b57b8",
            "ipv6_cidr_block": "",
            "ipv6_cidr_block_association_id": "",
            "ipv6_native": false,
            "map_customer_owned_ip_on_launch": false,
            "map_public_ip_on_launch": true,
            "outpost_arn": "",
            "owner_id": "502157755713",
            "private_dns_hostname_type_on_launch": "ip-name",
            "tags": {
              "Name": "Production Subnet-2"
            },
            "tags_all": {
              "Name": "Production Subnet-2"
            },
            "timeouts": null,
            "vpc_id": "vpc-0b0228fad0ab16480"
          },
          "sensitive_attributes": [],
          "private": "eyJlMmJmYjczMC1lY2FhLTExZTYtOGY4OC0zNDM2M2JjN2M0YzAiOnsiY3JlYXRlIjo2MDAwMDAwMDAwMDAsImRlbGV0ZSI6MTIwMDAwMDAwMDAwMH0sInNjaGVtYV92ZXJzaW9uIjoiMSJ9",
          "dependencies": [
            "module.subnet.data.aws_availability_zones.available",
            "module.vpc.aws_vpc.prod_vpc"
          ]
        }
      ]
    },
    {
      "module": "module.vpc",
      "mode": "managed",
      "type": "aws_vpc",
      "name": "prod_vpc",
      "provider": "provider[\"registry.terraform.io/hashicorp/aws\"]",
      "instances": [
        {
          "schema_version": 1,
          "attributes": {
            "arn": "arn:aws:ec2:eu-west-2:502157755713:vpc/vpc-0b0228fad0ab16480",
            "assign_generated_ipv6_cidr_block": false,
            "cidr_block": "10.1.0.0/16",
            "default_network_acl_id": "acl-020900f766d3b9094",
            "default_route_table_id": "rtb-03aac89c7bc075ec9",
            "default_security_group_id": "sg-06b31f96251275759",
            "dhcp_options_id": "dopt-072a913d913bcc0af",
            "enable_classiclink": null,
            "enable_classiclink_dns_support": null,
            "enable_dns_hostnames": true,
            "enable_dns_support": true,
            "id": "vpc-0b0228fad0ab16480",
            "instance_tenancy": "default",
            "ipv4_ipam_pool_id": null,
            "ipv4_netmask_length": null,
            "ipv6_association_id": "",
            "ipv6_cidr_block": "",
            "ipv6_cidr_block_network_border_group": null,
            "ipv6_ipam_pool_id": null,
            "ipv6_netmask_length": null,
            "main_route_table_id": "rtb-03aac89c7bc075ec9",
            "owner_id": "502157755713",
            "tags": {
              "Name": "Production VPC"
            },
            "tags_all": {
              "Name": "Production VPC"
            }
          },
          "sensitive_attributes": [],
          "private": "eyJzY2hlbWFfdmVyc2lvbiI6IjEifQ=="
        }
      ]
    }
  ]
}
